
Microsoft Visual Studio Solution File, Format Version 12.00
# Visual Studio Version 17
VisualStudioVersion = 17.13.35913.81 d17.13
MinimumVisualStudioVersion = 10.0.40219.1
Project("{FAE04EC0-301F-11D3-BF4B-00C04F79EFBC}") = "EFDomashka", "EFDomashka.csproj", "{AE99F6E8-2237-4743-BD48-062C28F57CA8}"
EndProject
Global
	GlobalSection(SolutionConfigurationPlatforms) = preSolution
		Debug|Any CPU = Debug|Any CPU
		Release|Any CPU = Release|Any CPU
	EndGlobalSection
	GlobalSection(ProjectConfigurationPlatforms) = postSolution
		{AE99F6E8-2237-4743-BD48-062C28F57CA8}.Debug|Any CPU.ActiveCfg = Debug|Any CPU
		{AE99F6E8-2237-4743-BD48-062C28F57CA8}.Debug|Any CPU.Build.0 = Debug|Any CPU
		{AE99F6E8-2237-4743-BD48-062C28F57CA8}.Release|Any CPU.ActiveCfg = Release|Any CPU
		{AE99F6E8-2237-4743-BD48-062C28F57CA8}.Release|Any CPU.Build.0 = Release|Any CPU
	EndGlobalSection
	GlobalSection(SolutionProperties) = preSolution
		HideSolutionNode = FALSE
	EndGlobalSection
	GlobalSection(ExtensibilityGlobals) = postSolution
		SolutionGuid = {24D334D2-9241-44B3-A99B-B5ABF69628E0}
	EndGlobalSection
EndGlobal
